// !$*UTF8*$!
{
	archiveVersion = 1;
	classes = {
	};
	objectVersion = 55;
	objects = {

/* Begin PBXBuildFile section */
		6B743E3C28645B9D00334C8B /* AppDelegate.swift in Sources */ = {isa = PBXBuildFile; fileRef = 6B743E3B28645B9D00334C8B /* AppDelegate.swift */; };
		6B743E3E28645B9D00334C8B /* SceneDelegate.swift in Sources */ = {isa = PBXBuildFile; fileRef = 6B743E3D28645B9D00334C8B /* SceneDelegate.swift */; };
		6B743E4528645B9E00334C8B /* Assets.xcassets in Resources */ = {isa = PBXBuildFile; fileRef = 6B743E4428645B9E00334C8B /* Assets.xcassets */; };
		6B743E4828645B9E00334C8B /* LaunchScreen.storyboard in Resources */ = {isa = PBXBuildFile; fileRef = 6B743E4628645B9E00334C8B /* LaunchScreen.storyboard */; };
		6B743E6528645D3600334C8B /* HelmetScene.swift in Sources */ = {isa = PBXBuildFile; fileRef = 6B743E5628645D3500334C8B /* HelmetScene.swift */; };
		6B743E6728645D3600334C8B /* SpriteButton.swift in Sources */ = {isa = PBXBuildFile; fileRef = 6B743E5828645D3500334C8B /* SpriteButton.swift */; };
		6B743E6928645D3600334C8B /* String+UIBezierPath.swift in Sources */ = {isa = PBXBuildFile; fileRef = 6B743E5A28645D3500334C8B /* String+UIBezierPath.swift */; };
		6B743E6A28645D3600334C8B /* CGPoint+SpriteKit.swift in Sources */ = {isa = PBXBuildFile; fileRef = 6B743E5B28645D3500334C8B /* CGPoint+SpriteKit.swift */; };
		6B743E6B28645D3600334C8B /* LabelEffectNode.swift in Sources */ = {isa = PBXBuildFile; fileRef = 6B743E5C28645D3500334C8B /* LabelEffectNode.swift */; };
		6B743E6D28645D3600334C8B /* HelmetAnimator.swift in Sources */ = {isa = PBXBuildFile; fileRef = 6B743E5E28645D3600334C8B /* HelmetAnimator.swift */; };
		6B743E6E28645D3600334C8B /* RemoteTextureAtlas.swift in Sources */ = {isa = PBXBuildFile; fileRef = 6B743E5F28645D3600334C8B /* RemoteTextureAtlas.swift */; };
		6B743E6F28645D3600334C8B /* PriceLabel.swift in Sources */ = {isa = PBXBuildFile; fileRef = 6B743E6028645D3600334C8B /* PriceLabel.swift */; };
		6B743E7028645D3600334C8B /* JSONEncode+Autorelease.swift in Sources */ = {isa = PBXBuildFile; fileRef = 6B743E6128645D3600334C8B /* JSONEncode+Autorelease.swift */; };
		6B743E7128645D3600334C8B /* GradientView.swift in Sources */ = {isa = PBXBuildFile; fileRef = 6B743E6228645D3600334C8B /* GradientView.swift */; };
		6B743E7228645D3600334C8B /* HelmetViewController.swift in Sources */ = {isa = PBXBuildFile; fileRef = 6B743E6328645D3600334C8B /* HelmetViewController.swift */; };
		6B743E7328645D3600334C8B /* DisabledPanView.swift in Sources */ = {isa = PBXBuildFile; fileRef = 6B743E6428645D3600334C8B /* DisabledPanView.swift */; };
		6B743E9F28646C8400334C8B /* Stylesheet.swift in Sources */ = {isa = PBXBuildFile; fileRef = 6B743E9E28646C8400334C8B /* Stylesheet.swift */; };
		6B743EA128646DF100334C8B /* Helmet.xcassets in Resources */ = {isa = PBXBuildFile; fileRef = 6B743EA028646DF100334C8B /* Helmet.xcassets */; };
		6B743EA328646E6200334C8B /* UIColor+Bundle.swift in Sources */ = {isa = PBXBuildFile; fileRef = 6B743EA228646E6200334C8B /* UIColor+Bundle.swift */; };
		6B743EA528646F2700334C8B /* String+Index.swift in Sources */ = {isa = PBXBuildFile; fileRef = 6B743EA428646F2700334C8B /* String+Index.swift */; };
		6B743EAC2864707C00334C8B /* HaveHeartOne.otf in Resources */ = {isa = PBXBuildFile; fileRef = 6B743EA72864701800334C8B /* HaveHeartOne.otf */; };
		6B743EAE2864713F00334C8B /* UIImage+Bundle.swift in Sources */ = {isa = PBXBuildFile; fileRef = 6B743EAD2864713F00334C8B /* UIImage+Bundle.swift */; };
		6B743EB02864776A00334C8B /* StateAlphaButton.swift in Sources */ = {isa = PBXBuildFile; fileRef = 6B743EAF2864776A00334C8B /* StateAlphaButton.swift */; };
		6B74401F28647F8F00334C8B /* BlackHelmetAtlas in Resources */ = {isa = PBXBuildFile; fileRef = 6B74401E28647F8F00334C8B /* BlackHelmetAtlas */; };
		6B74402128647F9F00334C8B /* PurpleHelmetAtlas in Resources */ = {isa = PBXBuildFile; fileRef = 6B74402028647F9F00334C8B /* PurpleHelmetAtlas */; };
		6B744023286487BD00334C8B /* HelmetViewController.xib in Resources */ = {isa = PBXBuildFile; fileRef = 6B744022286487BD00334C8B /* HelmetViewController.xib */; };
		6B9133782869B1F900A98894 /* FontsLoader.swift in Sources */ = {isa = PBXBuildFile; fileRef = 6B9133772869B1F900A98894 /* FontsLoader.swift */; };
		6B9133A12869BF7900A98894 /* SF-Pro-Text-Medium.otf in Resources */ = {isa = PBXBuildFile; fileRef = 6B9133A02869BF7900A98894 /* SF-Pro-Text-Medium.otf */; };
		6BA48426286F000E0030B418 /* Bundle+Helper.swift in Sources */ = {isa = PBXBuildFile; fileRef = 6BA48425286F000E0030B418 /* Bundle+Helper.swift */; };
		F16C04C3E6E5BF6CDD4D45BF /* Pods_Helmet.framework in Frameworks */ = {isa = PBXBuildFile; fileRef = A348785DD837ABF93D1F2DA6 /* Pods_Helmet.framework */; };
/* End PBXBuildFile section */

/* Begin PBXFileReference section */
		0391C71A512BF26817EFF0F1 /* Pods-Helmet.release.xcconfig */ = {isa = PBXFileReference; includeInIndex = 1; lastKnownFileType = text.xcconfig; name = "Pods-Helmet.release.xcconfig"; path = "Target Support Files/Pods-Helmet/Pods-Helmet.release.xcconfig"; sourceTree = "<group>"; };
		6B743E3828645B9D00334C8B /* Helmet.app */ = {isa = PBXFileReference; explicitFileType = wrapper.application; includeInIndex = 0; path = Helmet.app; sourceTree = BUILT_PRODUCTS_DIR; };
		6B743E3B28645B9D00334C8B /* AppDelegate.swift */ = {isa = PBXFileReference; lastKnownFileType = sourcecode.swift; path = AppDelegate.swift; sourceTree = "<group>"; };
		6B743E3D28645B9D00334C8B /* SceneDelegate.swift */ = {isa = PBXFileReference; lastKnownFileType = sourcecode.swift; path = SceneDelegate.swift; sourceTree = "<group>"; };
		6B743E4428645B9E00334C8B /* Assets.xcassets */ = {isa = PBXFileReference; lastKnownFileType = folder.assetcatalog; path = Assets.xcassets; sourceTree = "<group>"; };
		6B743E4728645B9E00334C8B /* Base */ = {isa = PBXFileReference; lastKnownFileType = file.storyboard; name = Base; path = Base.lproj/LaunchScreen.storyboard; sourceTree = "<group>"; };
		6B743E4928645B9E00334C8B /* Info.plist */ = {isa = PBXFileReference; lastKnownFileType = text.plist.xml; path = Info.plist; sourceTree = "<group>"; };
		6B743E5628645D3500334C8B /* HelmetScene.swift */ = {isa = PBXFileReference; fileEncoding = 4; lastKnownFileType = sourcecode.swift; path = HelmetScene.swift; sourceTree = "<group>"; };
		6B743E5828645D3500334C8B /* SpriteButton.swift */ = {isa = PBXFileReference; fileEncoding = 4; lastKnownFileType = sourcecode.swift; path = SpriteButton.swift; sourceTree = "<group>"; };
		6B743E5A28645D3500334C8B /* String+UIBezierPath.swift */ = {isa = PBXFileReference; fileEncoding = 4; lastKnownFileType = sourcecode.swift; path = "String+UIBezierPath.swift"; sourceTree = "<group>"; };
		6B743E5B28645D3500334C8B /* CGPoint+SpriteKit.swift */ = {isa = PBXFileReference; fileEncoding = 4; lastKnownFileType = sourcecode.swift; path = "CGPoint+SpriteKit.swift"; sourceTree = "<group>"; };
		6B743E5C28645D3500334C8B /* LabelEffectNode.swift */ = {isa = PBXFileReference; fileEncoding = 4; lastKnownFileType = sourcecode.swift; path = LabelEffectNode.swift; sourceTree = "<group>"; };
		6B743E5E28645D3600334C8B /* HelmetAnimator.swift */ = {isa = PBXFileReference; fileEncoding = 4; lastKnownFileType = sourcecode.swift; path = HelmetAnimator.swift; sourceTree = "<group>"; };
		6B743E5F28645D3600334C8B /* RemoteTextureAtlas.swift */ = {isa = PBXFileReference; fileEncoding = 4; lastKnownFileType = sourcecode.swift; path = RemoteTextureAtlas.swift; sourceTree = "<group>"; };
		6B743E6028645D3600334C8B /* PriceLabel.swift */ = {isa = PBXFileReference; fileEncoding = 4; lastKnownFileType = sourcecode.swift; path = PriceLabel.swift; sourceTree = "<group>"; };
		6B743E6128645D3600334C8B /* JSONEncode+Autorelease.swift */ = {isa = PBXFileReference; fileEncoding = 4; lastKnownFileType = sourcecode.swift; path = "JSONEncode+Autorelease.swift"; sourceTree = "<group>"; };
		6B743E6228645D3600334C8B /* GradientView.swift */ = {isa = PBXFileReference; fileEncoding = 4; lastKnownFileType = sourcecode.swift; path = GradientView.swift; sourceTree = "<group>"; };
		6B743E6328645D3600334C8B /* HelmetViewController.swift */ = {isa = PBXFileReference; fileEncoding = 4; lastKnownFileType = sourcecode.swift; path = HelmetViewController.swift; sourceTree = "<group>"; };
		6B743E6428645D3600334C8B /* DisabledPanView.swift */ = {isa = PBXFileReference; fileEncoding = 4; lastKnownFileType = sourcecode.swift; path = DisabledPanView.swift; sourceTree = "<group>"; };
		6B743E9E28646C8400334C8B /* Stylesheet.swift */ = {isa = PBXFileReference; fileEncoding = 4; lastKnownFileType = sourcecode.swift; path = Stylesheet.swift; sourceTree = "<group>"; };
		6B743EA028646DF100334C8B /* Helmet.xcassets */ = {isa = PBXFileReference; lastKnownFileType = folder.assetcatalog; path = Helmet.xcassets; sourceTree = "<group>"; };
		6B743EA228646E6200334C8B /* UIColor+Bundle.swift */ = {isa = PBXFileReference; fileEncoding = 4; lastKnownFileType = sourcecode.swift; path = "UIColor+Bundle.swift"; sourceTree = "<group>"; };
		6B743EA428646F2700334C8B /* String+Index.swift */ = {isa = PBXFileReference; fileEncoding = 4; lastKnownFileType = sourcecode.swift; path = "String+Index.swift"; sourceTree = "<group>"; };
		6B743EA72864701800334C8B /* HaveHeartOne.otf */ = {isa = PBXFileReference; lastKnownFileType = file; path = HaveHeartOne.otf; sourceTree = "<group>"; };
		6B743EAD2864713F00334C8B /* UIImage+Bundle.swift */ = {isa = PBXFileReference; fileEncoding = 4; lastKnownFileType = sourcecode.swift; path = "UIImage+Bundle.swift"; sourceTree = "<group>"; };
		6B743EAF2864776A00334C8B /* StateAlphaButton.swift */ = {isa = PBXFileReference; fileEncoding = 4; lastKnownFileType = sourcecode.swift; path = StateAlphaButton.swift; sourceTree = "<group>"; };
		6B74401E28647F8F00334C8B /* BlackHelmetAtlas */ = {isa = PBXFileReference; lastKnownFileType = folder; path = BlackHelmetAtlas; sourceTree = "<group>"; };
		6B74402028647F9F00334C8B /* PurpleHelmetAtlas */ = {isa = PBXFileReference; lastKnownFileType = folder; path = PurpleHelmetAtlas; sourceTree = "<group>"; };
		6B744022286487BD00334C8B /* HelmetViewController.xib */ = {isa = PBXFileReference; lastKnownFileType = file.xib; path = HelmetViewController.xib; sourceTree = "<group>"; };
		6B9133772869B1F900A98894 /* FontsLoader.swift */ = {isa = PBXFileReference; fileEncoding = 4; lastKnownFileType = sourcecode.swift; path = FontsLoader.swift; sourceTree = "<group>"; };
		6B9133A02869BF7900A98894 /* SF-Pro-Text-Medium.otf */ = {isa = PBXFileReference; lastKnownFileType = file; path = "SF-Pro-Text-Medium.otf"; sourceTree = "<group>"; };
		6BA48425286F000E0030B418 /* Bundle+Helper.swift */ = {isa = PBXFileReference; fileEncoding = 4; lastKnownFileType = sourcecode.swift; path = "Bundle+Helper.swift"; sourceTree = "<group>"; };
		A348785DD837ABF93D1F2DA6 /* Pods_Helmet.framework */ = {isa = PBXFileReference; explicitFileType = wrapper.framework; includeInIndex = 0; path = Pods_Helmet.framework; sourceTree = BUILT_PRODUCTS_DIR; };
		FDF3F9C59644D6AC40F0C6B9 /* Pods-Helmet.debug.xcconfig */ = {isa = PBXFileReference; includeInIndex = 1; lastKnownFileType = text.xcconfig; name = "Pods-Helmet.debug.xcconfig"; path = "Target Support Files/Pods-Helmet/Pods-Helmet.debug.xcconfig"; sourceTree = "<group>"; };
/* End PBXFileReference section */

/* Begin PBXFrameworksBuildPhase section */
		6B743E3528645B9D00334C8B /* Frameworks */ = {
			isa = PBXFrameworksBuildPhase;
			buildActionMask = 2147483647;
			files = (
				F16C04C3E6E5BF6CDD4D45BF /* Pods_Helmet.framework in Frameworks */,
			);
			runOnlyForDeploymentPostprocessing = 0;
		};
/* End PBXFrameworksBuildPhase section */

/* Begin PBXGroup section */
		032C671D2C1911CF24DF49FD /* Pods */ = {
			isa = PBXGroup;
			children = (
				FDF3F9C59644D6AC40F0C6B9 /* Pods-Helmet.debug.xcconfig */,
				0391C71A512BF26817EFF0F1 /* Pods-Helmet.release.xcconfig */,
			);
			path = Pods;
			sourceTree = "<group>";
		};
		4E429475C2D6C34885E2C891 /* Frameworks */ = {
			isa = PBXGroup;
			children = (
				A348785DD837ABF93D1F2DA6 /* Pods_Helmet.framework */,
			);
			name = Frameworks;
			sourceTree = "<group>";
		};
		6B743E2F28645B9D00334C8B = {
			isa = PBXGroup;
			children = (
				6B743E4F28645C4300334C8B /* HelmetControl */,
				6B743E3A28645B9D00334C8B /* HelmetDemo */,
				6B743E3928645B9D00334C8B /* Products */,
				032C671D2C1911CF24DF49FD /* Pods */,
				4E429475C2D6C34885E2C891 /* Frameworks */,
			);
			sourceTree = "<group>";
		};
		6B743E3928645B9D00334C8B /* Products */ = {
			isa = PBXGroup;
			children = (
				6B743E3828645B9D00334C8B /* Helmet.app */,
			);
			name = Products;
			sourceTree = "<group>";
		};
		6B743E3A28645B9D00334C8B /* HelmetDemo */ = {
			isa = PBXGroup;
			children = (
				6B743E3B28645B9D00334C8B /* AppDelegate.swift */,
				6B743E3D28645B9D00334C8B /* SceneDelegate.swift */,
				6B743E5028645C7100334C8B /* Resources */,
			);
			path = HelmetDemo;
			sourceTree = "<group>";
		};
		6B743E4F28645C4300334C8B /* HelmetControl */ = {
			isa = PBXGroup;
			children = (
				6B743E5228645CBE00334C8B /* Source */,
				6B743E5328645CC400334C8B /* Resources */,
			);
			path = HelmetControl;
			sourceTree = "<group>";
		};
		6B743E5028645C7100334C8B /* Resources */ = {
			isa = PBXGroup;
			children = (
				6B743E4928645B9E00334C8B /* Info.plist */,
				6B743E4428645B9E00334C8B /* Assets.xcassets */,
				6B743E5128645CB500334C8B /* UI */,
			);
			path = Resources;
			sourceTree = "<group>";
		};
		6B743E5128645CB500334C8B /* UI */ = {
			isa = PBXGroup;
			children = (
				6B743E4628645B9E00334C8B /* LaunchScreen.storyboard */,
			);
			path = UI;
			sourceTree = "<group>";
		};
		6B743E5228645CBE00334C8B /* Source */ = {
			isa = PBXGroup;
			children = (
				6BE772F7287C4B99000ED5FB /* Common */,
				6B743E5428645CE200334C8B /* Controllers */,
			);
			path = Source;
			sourceTree = "<group>";
		};
		6B743E5328645CC400334C8B /* Resources */ = {
			isa = PBXGroup;
			children = (
				6B74401E28647F8F00334C8B /* BlackHelmetAtlas */,
				6B74402028647F9F00334C8B /* PurpleHelmetAtlas */,
				6B743EA028646DF100334C8B /* Helmet.xcassets */,
				6B743EA92864706700334C8B /* Fonts */,
				6B744022286487BD00334C8B /* HelmetViewController.xib */,
			);
			path = Resources;
			sourceTree = "<group>";
		};
		6B743E5428645CE200334C8B /* Controllers */ = {
			isa = PBXGroup;
			children = (
				6B743E6328645D3600334C8B /* HelmetViewController.swift */,
			);
			path = Controllers;
			sourceTree = "<group>";
		};
		6B743E5528645CE800334C8B /* Controls */ = {
			isa = PBXGroup;
			children = (
				6B743E5828645D3500334C8B /* SpriteButton.swift */,
				6B743EAF2864776A00334C8B /* StateAlphaButton.swift */,
			);
			path = Controls;
			sourceTree = "<group>";
		};
		6B743E7428645E6300334C8B /* Extensions */ = {
			isa = PBXGroup;
			children = (
				6BA48425286F000E0030B418 /* Bundle+Helper.swift */,
				6B743E5B28645D3500334C8B /* CGPoint+SpriteKit.swift */,
				6B743E6128645D3600334C8B /* JSONEncode+Autorelease.swift */,
				6B743EA428646F2700334C8B /* String+Index.swift */,
				6B743E5A28645D3500334C8B /* String+UIBezierPath.swift */,
				6B743EA228646E6200334C8B /* UIColor+Bundle.swift */,
				6B743EAD2864713F00334C8B /* UIImage+Bundle.swift */,
			);
			path = Extensions;
			sourceTree = "<group>";
		};
		6B743EA92864706700334C8B /* Fonts */ = {
			isa = PBXGroup;
			children = (
				6B743EA72864701800334C8B /* HaveHeartOne.otf */,
				6B9133A02869BF7900A98894 /* SF-Pro-Text-Medium.otf */,
			);
			path = Fonts;
			sourceTree = "<group>";
		};
		6BE772F7287C4B99000ED5FB /* Common */ = {
			isa = PBXGroup;
			children = (
				6B743E6428645D3600334C8B /* DisabledPanView.swift */,
				6B9133772869B1F900A98894 /* FontsLoader.swift */,
				6B743E6228645D3600334C8B /* GradientView.swift */,
				6B743E5E28645D3600334C8B /* HelmetAnimator.swift */,
				6B743E5628645D3500334C8B /* HelmetScene.swift */,
				6B743E5C28645D3500334C8B /* LabelEffectNode.swift */,
				6B743E6028645D3600334C8B /* PriceLabel.swift */,
				6B743E5F28645D3600334C8B /* RemoteTextureAtlas.swift */,
				6B743E9E28646C8400334C8B /* Stylesheet.swift */,
				6B743E5528645CE800334C8B /* Controls */,
				6B743E7428645E6300334C8B /* Extensions */,
			);
			path = Common;
			sourceTree = "<group>";
		};
/* End PBXGroup section */

/* Begin PBXNativeTarget section */
		6B743E3728645B9D00334C8B /* Helmet */ = {
			isa = PBXNativeTarget;
			buildConfigurationList = 6B743E4C28645B9E00334C8B /* Build configuration list for PBXNativeTarget "Helmet" */;
			buildPhases = (
				4CE3810C8D86E2B17E369382 /* [CP] Check Pods Manifest.lock */,
				6B743E3428645B9D00334C8B /* Sources */,
				6B743E3528645B9D00334C8B /* Frameworks */,
				6B743E3628645B9D00334C8B /* Resources */,
				7B666D15F3603D10B1735091 /* [CP] Embed Pods Frameworks */,
			);
			buildRules = (
			);
			dependencies = (
			);
			name = Helmet;
			productName = Helmet;
			productReference = 6B743E3828645B9D00334C8B /* Helmet.app */;
			productType = "com.apple.product-type.application";
		};
/* End PBXNativeTarget section */

/* Begin PBXProject section */
		6B743E3028645B9D00334C8B /* Project object */ = {
			isa = PBXProject;
			attributes = {
				BuildIndependentTargetsInParallel = 1;
				LastSwiftUpdateCheck = 1340;
				LastUpgradeCheck = 1340;
				TargetAttributes = {
					6B743E3728645B9D00334C8B = {
						CreatedOnToolsVersion = 13.4;
					};
				};
			};
			buildConfigurationList = 6B743E3328645B9D00334C8B /* Build configuration list for PBXProject "Helmet" */;
			compatibilityVersion = "Xcode 13.0";
			developmentRegion = en;
			hasScannedForEncodings = 0;
			knownRegions = (
				en,
				Base,
			);
			mainGroup = 6B743E2F28645B9D00334C8B;
			productRefGroup = 6B743E3928645B9D00334C8B /* Products */;
			projectDirPath = "";
			projectRoot = "";
			targets = (
				6B743E3728645B9D00334C8B /* Helmet */,
			);
		};
/* End PBXProject section */

/* Begin PBXResourcesBuildPhase section */
		6B743E3628645B9D00334C8B /* Resources */ = {
			isa = PBXResourcesBuildPhase;
			buildActionMask = 2147483647;
			files = (
				6B743EAC2864707C00334C8B /* HaveHeartOne.otf in Resources */,
				6B74401F28647F8F00334C8B /* BlackHelmetAtlas in Resources */,
				6B743EA128646DF100334C8B /* Helmet.xcassets in Resources */,
				6B743E4828645B9E00334C8B /* LaunchScreen.storyboard in Resources */,
				6B74402128647F9F00334C8B /* PurpleHelmetAtlas in Resources */,
				6B743E4528645B9E00334C8B /* Assets.xcassets in Resources */,
				6B744023286487BD00334C8B /* HelmetViewController.xib in Resources */,
				6B9133A12869BF7900A98894 /* SF-Pro-Text-Medium.otf in Resources */,
			);
			runOnlyForDeploymentPostprocessing = 0;
		};
/* End PBXResourcesBuildPhase section */

/* Begin PBXShellScriptBuildPhase section */
		4CE3810C8D86E2B17E369382 /* [CP] Check Pods Manifest.lock */ = {
			isa = PBXShellScriptBuildPhase;
			buildActionMask = 2147483647;
			files = (
			);
			inputFileListPaths = (
			);
			inputPaths = (
				"${PODS_PODFILE_DIR_PATH}/Podfile.lock",
				"${PODS_ROOT}/Manifest.lock",
			);
			name = "[CP] Check Pods Manifest.lock";
			outputFileListPaths = (
			);
			outputPaths = (
				"$(DERIVED_FILE_DIR)/Pods-Helmet-checkManifestLockResult.txt",
			);
			runOnlyForDeploymentPostprocessing = 0;
			shellPath = /bin/sh;
			shellScript = "diff \"${PODS_PODFILE_DIR_PATH}/Podfile.lock\" \"${PODS_ROOT}/Manifest.lock\" > /dev/null\nif [ $? != 0 ] ; then\n    # print error to STDERR\n    echo \"error: The sandbox is not in sync with the Podfile.lock. Run 'pod install' or update your CocoaPods installation.\" >&2\n    exit 1\nfi\n# This output is used by Xcode 'outputs' to avoid re-running this script phase.\necho \"SUCCESS\" > \"${SCRIPT_OUTPUT_FILE_0}\"\n";
			showEnvVarsInLog = 0;
		};
		7B666D15F3603D10B1735091 /* [CP] Embed Pods Frameworks */ = {
			isa = PBXShellScriptBuildPhase;
			buildActionMask = 2147483647;
			files = (
			);
			inputFileListPaths = (
				"${PODS_ROOT}/Target Support Files/Pods-Helmet/Pods-Helmet-frameworks-${CONFIGURATION}-input-files.xcfilelist",
			);
			name = "[CP] Embed Pods Frameworks";
			outputFileListPaths = (
				"${PODS_ROOT}/Target Support Files/Pods-Helmet/Pods-Helmet-frameworks-${CONFIGURATION}-output-files.xcfilelist",
			);
			runOnlyForDeploymentPostprocessing = 0;
			shellPath = /bin/sh;
			shellScript = "\"${PODS_ROOT}/Target Support Files/Pods-Helmet/Pods-Helmet-frameworks.sh\"\n";
			showEnvVarsInLog = 0;
		};
/* End PBXShellScriptBuildPhase section */

/* Begin PBXSourcesBuildPhase section */
		6B743E3428645B9D00334C8B /* Sources */ = {
			isa = PBXSourcesBuildPhase;
			buildActionMask = 2147483647;
			files = (
				6B743E6928645D3600334C8B /* String+UIBezierPath.swift in Sources */,
				6B743EA328646E6200334C8B /* UIColor+Bundle.swift in Sources */,
				6B743E6D28645D3600334C8B /* HelmetAnimator.swift in Sources */,
				6B743EAE2864713F00334C8B /* UIImage+Bundle.swift in Sources */,
				6B743E9F28646C8400334C8B /* Stylesheet.swift in Sources */,
				6B743E7128645D3600334C8B /* GradientView.swift in Sources */,
				6B743E6F28645D3600334C8B /* PriceLabel.swift in Sources */,
				6B743E6B28645D3600334C8B /* LabelEffectNode.swift in Sources */,
				6B743E6728645D3600334C8B /* SpriteButton.swift in Sources */,
				6B743E3C28645B9D00334C8B /* AppDelegate.swift in Sources */,
				6B743EB02864776A00334C8B /* StateAlphaButton.swift in Sources */,
				6B743E3E28645B9D00334C8B /* SceneDelegate.swift in Sources */,
				6B743E6A28645D3600334C8B /* CGPoint+SpriteKit.swift in Sources */,
				6B743E7228645D3600334C8B /* HelmetViewController.swift in Sources */,
				6B743EA528646F2700334C8B /* String+Index.swift in Sources */,
				6B743E6528645D3600334C8B /* HelmetScene.swift in Sources */,
				6B743E6E28645D3600334C8B /* RemoteTextureAtlas.swift in Sources */,
				6B9133782869B1F900A98894 /* FontsLoader.swift in Sources */,
				6B743E7328645D3600334C8B /* DisabledPanView.swift in Sources */,
				6BA48426286F000E0030B418 /* Bundle+Helper.swift in Sources */,
				6B743E7028645D3600334C8B /* JSONEncode+Autorelease.swift in Sources */,
			);
			runOnlyForDeploymentPostprocessing = 0;
		};
/* End PBXSourcesBuildPhase section */

/* Begin PBXVariantGroup section */
		6B743E4628645B9E00334C8B /* LaunchScreen.storyboard */ = {
			isa = PBXVariantGroup;
			children = (
				6B743E4728645B9E00334C8B /* Base */,
			);
			name = LaunchScreen.storyboard;
			sourceTree = "<group>";
		};
/* End PBXVariantGroup section */

/* Begin XCBuildConfiguration section */
		6B743E4A28645B9E00334C8B /* Debug */ = {
			isa = XCBuildConfiguration;
			buildSettings = {
				ALWAYS_SEARCH_USER_PATHS = NO;
				CLANG_ANALYZER_NONNULL = YES;
				CLANG_ANALYZER_NUMBER_OBJECT_CONVERSION = YES_AGGRESSIVE;
				CLANG_CXX_LANGUAGE_STANDARD = "gnu++17";
				CLANG_ENABLE_MODULES = YES;
				CLANG_ENABLE_OBJC_ARC = YES;
				CLANG_ENABLE_OBJC_WEAK = YES;
				CLANG_WARN_BLOCK_CAPTURE_AUTORELEASING = YES;
				CLANG_WARN_BOOL_CONVERSION = YES;
				CLANG_WARN_COMMA = YES;
				CLANG_WARN_CONSTANT_CONVERSION = YES;
				CLANG_WARN_DEPRECATED_OBJC_IMPLEMENTATIONS = YES;
				CLANG_WARN_DIRECT_OBJC_ISA_USAGE = YES_ERROR;
				CLANG_WARN_DOCUMENTATION_COMMENTS = YES;
				CLANG_WARN_EMPTY_BODY = YES;
				CLANG_WARN_ENUM_CONVERSION = YES;
				CLANG_WARN_INFINITE_RECURSION = YES;
				CLANG_WARN_INT_CONVERSION = YES;
				CLANG_WARN_NON_LITERAL_NULL_CONVERSION = YES;
				CLANG_WARN_OBJC_IMPLICIT_RETAIN_SELF = YES;
				CLANG_WARN_OBJC_LITERAL_CONVERSION = YES;
				CLANG_WARN_OBJC_ROOT_CLASS = YES_ERROR;
				CLANG_WARN_QUOTED_INCLUDE_IN_FRAMEWORK_HEADER = YES;
				CLANG_WARN_RANGE_LOOP_ANALYSIS = YES;
				CLANG_WARN_STRICT_PROTOTYPES = YES;
				CLANG_WARN_SUSPICIOUS_MOVE = YES;
				CLANG_WARN_UNGUARDED_AVAILABILITY = YES_AGGRESSIVE;
				CLANG_WARN_UNREACHABLE_CODE = YES;
				CLANG_WARN__DUPLICATE_METHOD_MATCH = YES;
				COPY_PHASE_STRIP = NO;
				DEBUG_INFORMATION_FORMAT = dwarf;
				ENABLE_STRICT_OBJC_MSGSEND = YES;
				ENABLE_TESTABILITY = YES;
				GCC_C_LANGUAGE_STANDARD = gnu11;
				GCC_DYNAMIC_NO_PIC = NO;
				GCC_NO_COMMON_BLOCKS = YES;
				GCC_OPTIMIZATION_LEVEL = 0;
				GCC_PREPROCESSOR_DEFINITIONS = (
					"DEBUG=1",
					"$(inherited)",
				);
				GCC_WARN_64_TO_32_BIT_CONVERSION = YES;
				GCC_WARN_ABOUT_RETURN_TYPE = YES_ERROR;
				GCC_WARN_UNDECLARED_SELECTOR = YES;
				GCC_WARN_UNINITIALIZED_AUTOS = YES_AGGRESSIVE;
				GCC_WARN_UNUSED_FUNCTION = YES;
				GCC_WARN_UNUSED_VARIABLE = YES;
				IPHONEOS_DEPLOYMENT_TARGET = 15.5;
				MTL_ENABLE_DEBUG_INFO = INCLUDE_SOURCE;
				MTL_FAST_MATH = YES;
				ONLY_ACTIVE_ARCH = YES;
				SDKROOT = iphoneos;
				SWIFT_ACTIVE_COMPILATION_CONDITIONS = DEBUG;
				SWIFT_OPTIMIZATION_LEVEL = "-Onone";
			};
			name = Debug;
		};
		6B743E4B28645B9E00334C8B /* Release */ = {
			isa = XCBuildConfiguration;
			buildSettings = {
				ALWAYS_SEARCH_USER_PATHS = NO;
				CLANG_ANALYZER_NONNULL = YES;
				CLANG_ANALYZER_NUMBER_OBJECT_CONVERSION = YES_AGGRESSIVE;
				CLANG_CXX_LANGUAGE_STANDARD = "gnu++17";
				CLANG_ENABLE_MODULES = YES;
				CLANG_ENABLE_OBJC_ARC = YES;
				CLANG_ENABLE_OBJC_WEAK = YES;
				CLANG_WARN_BLOCK_CAPTURE_AUTORELEASING = YES;
				CLANG_WARN_BOOL_CONVERSION = YES;
				CLANG_WARN_COMMA = YES;
				CLANG_WARN_CONSTANT_CONVERSION = YES;
				CLANG_WARN_DEPRECATED_OBJC_IMPLEMENTATIONS = YES;
				CLANG_WARN_DIRECT_OBJC_ISA_USAGE = YES_ERROR;
				CLANG_WARN_DOCUMENTATION_COMMENTS = YES;
				CLANG_WARN_EMPTY_BODY = YES;
				CLANG_WARN_ENUM_CONVERSION = YES;
				CLANG_WARN_INFINITE_RECURSION = YES;
				CLANG_WARN_INT_CONVERSION = YES;
				CLANG_WARN_NON_LITERAL_NULL_CONVERSION = YES;
				CLANG_WARN_OBJC_IMPLICIT_RETAIN_SELF = YES;
				CLANG_WARN_OBJC_LITERAL_CONVERSION = YES;
				CLANG_WARN_OBJC_ROOT_CLASS = YES_ERROR;
				CLANG_WARN_QUOTED_INCLUDE_IN_FRAMEWORK_HEADER = YES;
				CLANG_WARN_RANGE_LOOP_ANALYSIS = YES;
				CLANG_WARN_STRICT_PROTOTYPES = YES;
				CLANG_WARN_SUSPICIOUS_MOVE = YES;
				CLANG_WARN_UNGUARDED_AVAILABILITY = YES_AGGRESSIVE;
				CLANG_WARN_UNREACHABLE_CODE = YES;
				CLANG_WARN__DUPLICATE_METHOD_MATCH = YES;
				COPY_PHASE_STRIP = NO;
				DEBUG_INFORMATION_FORMAT = "dwarf-with-dsym";
				ENABLE_NS_ASSERTIONS = NO;
				ENABLE_STRICT_OBJC_MSGSEND = YES;
				GCC_C_LANGUAGE_STANDARD = gnu11;
				GCC_NO_COMMON_BLOCKS = YES;
				GCC_WARN_64_TO_32_BIT_CONVERSION = YES;
				GCC_WARN_ABOUT_RETURN_TYPE = YES_ERROR;
				GCC_WARN_UNDECLARED_SELECTOR = YES;
				GCC_WARN_UNINITIALIZED_AUTOS = YES_AGGRESSIVE;
				GCC_WARN_UNUSED_FUNCTION = YES;
				GCC_WARN_UNUSED_VARIABLE = YES;
				IPHONEOS_DEPLOYMENT_TARGET = 15.5;
				MTL_ENABLE_DEBUG_INFO = NO;
				MTL_FAST_MATH = YES;
				SDKROOT = iphoneos;
				SWIFT_COMPILATION_MODE = wholemodule;
				SWIFT_OPTIMIZATION_LEVEL = "-O";
				VALIDATE_PRODUCT = YES;
			};
			name = Release;
		};
		6B743E4D28645B9E00334C8B /* Debug */ = {
			isa = XCBuildConfiguration;
			baseConfigurationReference = FDF3F9C59644D6AC40F0C6B9 /* Pods-Helmet.debug.xcconfig */;
			buildSettings = {
				ASSETCATALOG_COMPILER_APPICON_NAME = AppIcon;
				ASSETCATALOG_COMPILER_GLOBAL_ACCENT_COLOR_NAME = AccentColor;
				CODE_SIGN_STYLE = Automatic;
				CURRENT_PROJECT_VERSION = 1;
				DEVELOPMENT_TEAM = MW2UF479VW;
				GENERATE_INFOPLIST_FILE = YES;
				INFOPLIST_FILE = HelmetDemo/Resources/Info.plist;
				INFOPLIST_KEY_UIApplicationSupportsIndirectInputEvents = YES;
				INFOPLIST_KEY_UILaunchStoryboardName = LaunchScreen;
				INFOPLIST_KEY_UISupportedInterfaceOrientations = UIInterfaceOrientationPortrait;
				INFOPLIST_KEY_UISupportedInterfaceOrientations_iPad = "UIInterfaceOrientationPortrait UIInterfaceOrientationPortraitUpsideDown UIInterfaceOrientationLandscapeLeft UIInterfaceOrientationLandscapeRight";
				INFOPLIST_KEY_UISupportedInterfaceOrientations_iPhone = "UIInterfaceOrientationPortrait UIInterfaceOrientationLandscapeLeft UIInterfaceOrientationLandscapeRight";
				IPHONEOS_DEPLOYMENT_TARGET = 13.0;
				LD_RUNPATH_SEARCH_PATHS = (
					"$(inherited)",
					"@executable_path/Frameworks",
				);
				MARKETING_VERSION = 1.0;
				PRODUCT_BUNDLE_IDENTIFIER = shakuro.Helmet;
				PRODUCT_NAME = "$(TARGET_NAME)";
				SWIFT_EMIT_LOC_STRINGS = YES;
				SWIFT_VERSION = 5.0;
				TARGETED_DEVICE_FAMILY = "1,2";
			};
			name = Debug;
		};
		6B743E4E28645B9E00334C8B /* Release */ = {
			isa = XCBuildConfiguration;
			baseConfigurationReference = 0391C71A512BF26817EFF0F1 /* Pods-Helmet.release.xcconfig */;
			buildSettings = {
				ASSETCATALOG_COMPILER_APPICON_NAME = AppIcon;
				ASSETCATALOG_COMPILER_GLOBAL_ACCENT_COLOR_NAME = AccentColor;
				CODE_SIGN_STYLE = Automatic;
				CURRENT_PROJECT_VERSION = 1;
				DEVELOPMENT_TEAM = MW2UF479VW;
				GENERATE_INFOPLIST_FILE = YES;
				INFOPLIST_FILE = HelmetDemo/Resources/Info.plist;
				INFOPLIST_KEY_UIApplicationSupportsIndirectInputEvents = YES;
				INFOPLIST_KEY_UILaunchStoryboardName = LaunchScreen;
				INFOPLIST_KEY_UISupportedInterfaceOrientations = UIInterfaceOrientationPortrait;
				INFOPLIST_KEY_UISupportedInterfaceOrientations_iPad = "UIInterfaceOrientationPortrait UIInterfaceOrientationPortraitUpsideDown UIInterfaceOrientationLandscapeLeft UIInterfaceOrientationLandscapeRight";
				INFOPLIST_KEY_UISupportedInterfaceOrientations_iPhone = "UIInterfaceOrientationPortrait UIInterfaceOrientationLandscapeLeft UIInterfaceOrientationLandscapeRight";
				IPHONEOS_DEPLOYMENT_TARGET = 13.0;
				LD_RUNPATH_SEARCH_PATHS = (
					"$(inherited)",
					"@executable_path/Frameworks",
				);
				MARKETING_VERSION = 1.0;
				PRODUCT_BUNDLE_IDENTIFIER = shakuro.Helmet;
				PRODUCT_NAME = "$(TARGET_NAME)";
				SWIFT_EMIT_LOC_STRINGS = YES;
				SWIFT_VERSION = 5.0;
				TARGETED_DEVICE_FAMILY = "1,2";
			};
			name = Release;
		};
/* End XCBuildConfiguration section */

/* Begin XCConfigurationList section */
		6B743E3328645B9D00334C8B /* Build configuration list for PBXProject "Helmet" */ = {
			isa = XCConfigurationList;
			buildConfigurations = (
				6B743E4A28645B9E00334C8B /* Debug */,
				6B743E4B28645B9E00334C8B /* Release */,
			);
			defaultConfigurationIsVisible = 0;
			defaultConfigurationName = Release;
		};
		6B743E4C28645B9E00334C8B /* Build configuration list for PBXNativeTarget "Helmet" */ = {
			isa = XCConfigurationList;
			buildConfigurations = (
				6B743E4D28645B9E00334C8B /* Debug */,
				6B743E4E28645B9E00334C8B /* Release */,
			);
			defaultConfigurationIsVisible = 0;
			defaultConfigurationName = Release;
		};
/* End XCConfigurationList section */
	};
	rootObject = 6B743E3028645B9D00334C8B /* Project object */;
}
